
Microsoft Visual Studio Solution File, Format Version 12.00
# Visual Studio 15
VisualStudioVersion = 15.0.27703.2035
MinimumVisualStudioVersion = 10.0.40219.1
Project("{FAE04EC0-301F-11D3-BF4B-00C04F79EFBC}") = "NESEmulator", "NESEmulator.csproj", "{036BF265-0F67-462A-A10C-B0B17804CBFC}"
EndProject
Global
	GlobalSection(SolutionConfigurationPlatforms) = preSolution
		Debug|Any CPU = Debug|Any CPU
		Release|Any CPU = Release|Any CPU
	EndGlobalSection
	GlobalSection(ProjectConfigurationPlatforms) = postSolution
		{036BF265-0F67-462A-A10C-B0B17804CBFC}.Debug|Any CPU.ActiveCfg = Debug|Any CPU
		{036BF265-0F67-462A-A10C-B0B17804CBFC}.Debug|Any CPU.Build.0 = Debug|Any CPU
		{036BF265-0F67-462A-A10C-B0B17804CBFC}.Release|Any CPU.ActiveCfg = Release|Any CPU
		{036BF265-0F67-462A-A10C-B0B17804CBFC}.Release|Any CPU.Build.0 = Release|Any CPU
	EndGlobalSection
	GlobalSection(SolutionProperties) = preSolution
		HideSolutionNode = FALSE
	EndGlobalSection
	GlobalSection(ExtensibilityGlobals) = postSolution
		SolutionGuid = {8395DBA0-0942-49D4-8F1A-6C1CCFF92ADE}
	EndGlobalSection
EndGlobal
